
Microsoft Visual Studio Solution File, Format Version 11.00
# Visual Studio 2010
Project("{FAE04EC0-301F-11D3-BF4B-00C04F79EFBC}") = "TinyEE", "TinyEE\TinyEE.csproj", "{97108732-7FA1-40AA-9448-B5A6784D219A}"
EndProject
Project("{FAE04EC0-301F-11D3-BF4B-00C04F79EFBC}") = "TinyEE.Test", "TinyEE.Test\TinyEE.Test.csproj", "{C5A0AFD7-D878-444B-94D7-7DE5D096BD5C}"
EndProject
Global
	GlobalSection(SolutionConfigurationPlatforms) = preSolution
		Debug|Any CPU = Debug|Any CPU
		Release|Any CPU = Release|Any CPU
	EndGlobalSection
	GlobalSection(ProjectConfigurationPlatforms) = postSolution
		{97108732-7FA1-40AA-9448-B5A6784D219A}.Debug|Any CPU.ActiveCfg = Debug|Any CPU
		{97108732-7FA1-40AA-9448-B5A6784D219A}.Debug|Any CPU.Build.0 = Debug|Any CPU
		{97108732-7FA1-40AA-9448-B5A6784D219A}.Release|Any CPU.ActiveCfg = Release|Any CPU
		{97108732-7FA1-40AA-9448-B5A6784D219A}.Release|Any CPU.Build.0 = Release|Any CPU
		{C5A0AFD7-D878-444B-94D7-7DE5D096BD5C}.Debug|Any CPU.ActiveCfg = Debug|Any CPU
		{C5A0AFD7-D878-444B-94D7-7DE5D096BD5C}.Debug|Any CPU.Build.0 = Debug|Any CPU
		{C5A0AFD7-D878-444B-94D7-7DE5D096BD5C}.Release|Any CPU.ActiveCfg = Release|Any CPU
		{C5A0AFD7-D878-444B-94D7-7DE5D096BD5C}.Release|Any CPU.Build.0 = Release|Any CPU
	EndGlobalSection
	GlobalSection(SolutionProperties) = preSolution
		HideSolutionNode = FALSE
	EndGlobalSection
EndGlobal
